{
  "name": "BZT-M165",
  "lockfileVersion": 3,
  "requires": true,
  "packages": {
    "": {
      "dependencies": {
        "@noonehardy/common": "^0.0.6"
      }
    },
    "node_modules/@noonehardy/common": {
      "version": "0.0.6",
      "resolved": "https://npm.pkg.github.com/download/@noonehardy/common/0.0.6/3139bcadbdcc3714786f5a32b47582ab4045b536",
      "integrity": "sha512-FFYHwuQigTSlgQZrsdkLgaCooqx3aYSJ5Yga0c2Z5E55HNJzH48qthmoyCBORv0IfERlooyyehdnI1Thx6UjtQ==",
      "dependencies": {
        "tslib": "^2.3.0"
      },
      "peerDependencies": {
        "@angular/common": "^17.3.0",
        "@angular/core": "^17.3.0"
      }
    },
    "node_modules/tslib": {
      "version": "2.6.2",
      "resolved": "https://registry.npmjs.org/tslib/-/tslib-2.6.2.tgz",
      "integrity": "sha512-AEYxH93jGFPn/a2iVAwW87VuUIkR1FVUKB77NwMF7nBTDkDrrT/Hpt/IrCJ0QXhW27jTBDcf5ZY7w6RiqTMw2Q=="
    }
  }
}
